
Microsoft Visual Studio Solution File, Format Version 12.00
# Visual Studio 14
VisualStudioVersion = 14.0.25123.0
MinimumVisualStudioVersion = 10.0.40219.1
Project("{FAE04EC0-301F-11D3-BF4B-00C04F79EFBC}") = "SC2MiM.Common", "SC2MiM.Common\SC2MiM.Common.csproj", "{07850470-217A-45ED-ABA9-56BC903015D4}"
EndProject
Project("{FAE04EC0-301F-11D3-BF4B-00C04F79EFBC}") = "SC2WebJob", "SC2WebJob\SC2WebJob.csproj", "{276578C8-E8F5-4B42-AFC5-5E6D09A07785}"
EndProject
Global
	GlobalSection(SolutionConfigurationPlatforms) = preSolution
		Debug|Any CPU = Debug|Any CPU
		Debug|ARM = Debug|ARM
		Debug|x64 = Debug|x64
		Debug|x86 = Debug|x86
		Release|Any CPU = Release|Any CPU
		Release|ARM = Release|ARM
		Release|x64 = Release|x64
		Release|x86 = Release|x86
	EndGlobalSection
	GlobalSection(ProjectConfigurationPlatforms) = postSolution
		{07850470-217A-45ED-ABA9-56BC903015D4}.Debug|Any CPU.ActiveCfg = Debug|Any CPU
		{07850470-217A-45ED-ABA9-56BC903015D4}.Debug|Any CPU.Build.0 = Debug|Any CPU
		{07850470-217A-45ED-ABA9-56BC903015D4}.Debug|ARM.ActiveCfg = Debug|Any CPU
		{07850470-217A-45ED-ABA9-56BC903015D4}.Debug|x64.ActiveCfg = Debug|Any CPU
		{07850470-217A-45ED-ABA9-56BC903015D4}.Debug|x86.ActiveCfg = Debug|Any CPU
		{07850470-217A-45ED-ABA9-56BC903015D4}.Release|Any CPU.ActiveCfg = Release|Any CPU
		{07850470-217A-45ED-ABA9-56BC903015D4}.Release|Any CPU.Build.0 = Release|Any CPU
		{07850470-217A-45ED-ABA9-56BC903015D4}.Release|ARM.ActiveCfg = Release|Any CPU
		{07850470-217A-45ED-ABA9-56BC903015D4}.Release|x64.ActiveCfg = Release|Any CPU
		{07850470-217A-45ED-ABA9-56BC903015D4}.Release|x86.ActiveCfg = Release|Any CPU
		{276578C8-E8F5-4B42-AFC5-5E6D09A07785}.Debug|Any CPU.ActiveCfg = Debug|Any CPU
		{276578C8-E8F5-4B42-AFC5-5E6D09A07785}.Debug|Any CPU.Build.0 = Debug|Any CPU
		{276578C8-E8F5-4B42-AFC5-5E6D09A07785}.Debug|ARM.ActiveCfg = Debug|Any CPU
		{276578C8-E8F5-4B42-AFC5-5E6D09A07785}.Debug|ARM.Build.0 = Debug|Any CPU
		{276578C8-E8F5-4B42-AFC5-5E6D09A07785}.Debug|x64.ActiveCfg = Debug|Any CPU
		{276578C8-E8F5-4B42-AFC5-5E6D09A07785}.Debug|x64.Build.0 = Debug|Any CPU
		{276578C8-E8F5-4B42-AFC5-5E6D09A07785}.Debug|x86.ActiveCfg = Debug|Any CPU
		{276578C8-E8F5-4B42-AFC5-5E6D09A07785}.Debug|x86.Build.0 = Debug|Any CPU
		{276578C8-E8F5-4B42-AFC5-5E6D09A07785}.Release|Any CPU.ActiveCfg = Release|Any CPU
		{276578C8-E8F5-4B42-AFC5-5E6D09A07785}.Release|Any CPU.Build.0 = Release|Any CPU
		{276578C8-E8F5-4B42-AFC5-5E6D09A07785}.Release|ARM.ActiveCfg = Release|Any CPU
		{276578C8-E8F5-4B42-AFC5-5E6D09A07785}.Release|ARM.Build.0 = Release|Any CPU
		{276578C8-E8F5-4B42-AFC5-5E6D09A07785}.Release|x64.ActiveCfg = Release|Any CPU
		{276578C8-E8F5-4B42-AFC5-5E6D09A07785}.Release|x64.Build.0 = Release|Any CPU
		{276578C8-E8F5-4B42-AFC5-5E6D09A07785}.Release|x86.ActiveCfg = Release|Any CPU
		{276578C8-E8F5-4B42-AFC5-5E6D09A07785}.Release|x86.Build.0 = Release|Any CPU
	EndGlobalSection
	GlobalSection(SolutionProperties) = preSolution
		HideSolutionNode = FALSE
	EndGlobalSection
EndGlobal
